// !$*UTF8*$!
{
	archiveVersion = 1;
	classes = {
	};
	objectVersion = 56;
	objects = {

/* Begin PBXBuildFile section */
		077AABE129B9C20F0078023F /* Assets.xcassets in Resources */ = {isa = PBXBuildFile; fileRef = 077AABE029B9C20F0078023F /* Assets.xcassets */; };
		077AABE529B9C20F0078023F /* Preview Assets.xcassets in Resources */ = {isa = PBXBuildFile; fileRef = 077AABE429B9C20F0078023F /* Preview Assets.xcassets */; };
		077AABF729B9C2660078023F /* Question.swift in Sources */ = {isa = PBXBuildFile; fileRef = 077AABEC29B9C2660078023F /* Question.swift */; };
		077AABF829B9C2660078023F /* CategoryList.swift in Sources */ = {isa = PBXBuildFile; fileRef = 077AABED29B9C2660078023F /* CategoryList.swift */; };
		077AABF929B9C2660078023F /* QuestionList.swift in Sources */ = {isa = PBXBuildFile; fileRef = 077AABEE29B9C2660078023F /* QuestionList.swift */; };
		077AABFA29B9C2660078023F /* Category.swift in Sources */ = {isa = PBXBuildFile; fileRef = 077AABEF29B9C2660078023F /* Category.swift */; };
		077AABFB29B9C2660078023F /* NetworkService.swift in Sources */ = {isa = PBXBuildFile; fileRef = 077AABF129B9C2660078023F /* NetworkService.swift */; };
		077AABFC29B9C2660078023F /* QuizController.swift in Sources */ = {isa = PBXBuildFile; fileRef = 077AABF329B9C2660078023F /* QuizController.swift */; };
		077AABFD29B9C2660078023F /* QuizMenuView.swift in Sources */ = {isa = PBXBuildFile; fileRef = 077AABF529B9C2660078023F /* QuizMenuView.swift */; };
		077AABFE29B9C2660078023F /* QuizView.swift in Sources */ = {isa = PBXBuildFile; fileRef = 077AABF629B9C2660078023F /* QuizView.swift */; };
		077AAC0029B9C2790078023F /* QuizDemoApp.swift in Sources */ = {isa = PBXBuildFile; fileRef = 077AABFF29B9C2790078023F /* QuizDemoApp.swift */; };
/* End PBXBuildFile section */

/* Begin PBXFileReference section */
		077AABD929B9C20D0078023F /* QuizDemoContinued.app */ = {isa = PBXFileReference; explicitFileType = wrapper.application; includeInIndex = 0; path = QuizDemoContinued.app; sourceTree = BUILT_PRODUCTS_DIR; };
		077AABE029B9C20F0078023F /* Assets.xcassets */ = {isa = PBXFileReference; lastKnownFileType = folder.assetcatalog; path = Assets.xcassets; sourceTree = "<group>"; };
		077AABE229B9C20F0078023F /* QuizDemoContinued.entitlements */ = {isa = PBXFileReference; lastKnownFileType = text.plist.entitlements; path = QuizDemoContinued.entitlements; sourceTree = "<group>"; };
		077AABE429B9C20F0078023F /* Preview Assets.xcassets */ = {isa = PBXFileReference; lastKnownFileType = folder.assetcatalog; path = "Preview Assets.xcassets"; sourceTree = "<group>"; };
		077AABEC29B9C2660078023F /* Question.swift */ = {isa = PBXFileReference; fileEncoding = 4; lastKnownFileType = sourcecode.swift; path = Question.swift; sourceTree = "<group>"; };
		077AABED29B9C2660078023F /* CategoryList.swift */ = {isa = PBXFileReference; fileEncoding = 4; lastKnownFileType = sourcecode.swift; path = CategoryList.swift; sourceTree = "<group>"; };
		077AABEE29B9C2660078023F /* QuestionList.swift */ = {isa = PBXFileReference; fileEncoding = 4; lastKnownFileType = sourcecode.swift; path = QuestionList.swift; sourceTree = "<group>"; };
		077AABEF29B9C2660078023F /* Category.swift */ = {isa = PBXFileReference; fileEncoding = 4; lastKnownFileType = sourcecode.swift; path = Category.swift; sourceTree = "<group>"; };
		077AABF129B9C2660078023F /* NetworkService.swift */ = {isa = PBXFileReference; fileEncoding = 4; lastKnownFileType = sourcecode.swift; path = NetworkService.swift; sourceTree = "<group>"; };
		077AABF329B9C2660078023F /* QuizController.swift */ = {isa = PBXFileReference; fileEncoding = 4; lastKnownFileType = sourcecode.swift; path = QuizController.swift; sourceTree = "<group>"; };
		077AABF529B9C2660078023F /* QuizMenuView.swift */ = {isa = PBXFileReference; fileEncoding = 4; lastKnownFileType = sourcecode.swift; path = QuizMenuView.swift; sourceTree = "<group>"; };
		077AABF629B9C2660078023F /* QuizView.swift */ = {isa = PBXFileReference; fileEncoding = 4; lastKnownFileType = sourcecode.swift; path = QuizView.swift; sourceTree = "<group>"; };
		077AABFF29B9C2790078023F /* QuizDemoApp.swift */ = {isa = PBXFileReference; fileEncoding = 4; lastKnownFileType = sourcecode.swift; path = QuizDemoApp.swift; sourceTree = "<group>"; };
/* End PBXFileReference section */

/* Begin PBXFrameworksBuildPhase section */
		077AABD629B9C20D0078023F /* Frameworks */ = {
			isa = PBXFrameworksBuildPhase;
			buildActionMask = 2147483647;
			files = (
			);
			runOnlyForDeploymentPostprocessing = 0;
		};
/* End PBXFrameworksBuildPhase section */

/* Begin PBXGroup section */
		077AABD029B9C20D0078023F = {
			isa = PBXGroup;
			children = (
				077AABDB29B9C20D0078023F /* QuizDemoContinued */,
				077AABDA29B9C20D0078023F /* Products */,
			);
			sourceTree = "<group>";
		};
		077AABDA29B9C20D0078023F /* Products */ = {
			isa = PBXGroup;
			children = (
				077AABD929B9C20D0078023F /* QuizDemoContinued.app */,
			);
			name = Products;
			sourceTree = "<group>";
		};
		077AABDB29B9C20D0078023F /* QuizDemoContinued */ = {
			isa = PBXGroup;
			children = (
				077AABFF29B9C2790078023F /* QuizDemoApp.swift */,
				077AABEB29B9C2660078023F /* Models */,
				077AABF029B9C2660078023F /* Services */,
				077AABF229B9C2660078023F /* StorageController */,
				077AABF429B9C2660078023F /* Views */,
				077AABE029B9C20F0078023F /* Assets.xcassets */,
				077AABE229B9C20F0078023F /* QuizDemoContinued.entitlements */,
				077AABE329B9C20F0078023F /* Preview Content */,
			);
			path = QuizDemoContinued;
			sourceTree = "<group>";
		};
		077AABE329B9C20F0078023F /* Preview Content */ = {
			isa = PBXGroup;
			children = (
				077AABE429B9C20F0078023F /* Preview Assets.xcassets */,
			);
			path = "Preview Content";
			sourceTree = "<group>";
		};
		077AABEB29B9C2660078023F /* Models */ = {
			isa = PBXGroup;
			children = (
				077AABEC29B9C2660078023F /* Question.swift */,
				077AABED29B9C2660078023F /* CategoryList.swift */,
				077AABEE29B9C2660078023F /* QuestionList.swift */,
				077AABEF29B9C2660078023F /* Category.swift */,
			);
			path = Models;
			sourceTree = "<group>";
		};
		077AABF029B9C2660078023F /* Services */ = {
			isa = PBXGroup;
			children = (
				077AABF129B9C2660078023F /* NetworkService.swift */,
			);
			path = Services;
			sourceTree = "<group>";
		};
		077AABF229B9C2660078023F /* StorageController */ = {
			isa = PBXGroup;
			children = (
				077AABF329B9C2660078023F /* QuizController.swift */,
			);
			path = StorageController;
			sourceTree = "<group>";
		};
		077AABF429B9C2660078023F /* Views */ = {
			isa = PBXGroup;
			children = (
				077AABF529B9C2660078023F /* QuizMenuView.swift */,
				077AABF629B9C2660078023F /* QuizView.swift */,
			);
			path = Views;
			sourceTree = "<group>";
		};
/* End PBXGroup section */

/* Begin PBXNativeTarget section */
		077AABD829B9C20D0078023F /* QuizDemoContinued */ = {
			isa = PBXNativeTarget;
			buildConfigurationList = 077AABE829B9C20F0078023F /* Build configuration list for PBXNativeTarget "QuizDemoContinued" */;
			buildPhases = (
				077AABD529B9C20D0078023F /* Sources */,
				077AABD629B9C20D0078023F /* Frameworks */,
				077AABD729B9C20D0078023F /* Resources */,
			);
			buildRules = (
			);
			dependencies = (
			);
			name = QuizDemoContinued;
			productName = QuizDemoContinued;
			productReference = 077AABD929B9C20D0078023F /* QuizDemoContinued.app */;
			productType = "com.apple.product-type.application";
		};
/* End PBXNativeTarget section */

/* Begin PBXProject section */
		077AABD129B9C20D0078023F /* Project object */ = {
			isa = PBXProject;
			attributes = {
				BuildIndependentTargetsInParallel = 1;
				LastSwiftUpdateCheck = 1420;
				LastUpgradeCheck = 1420;
				TargetAttributes = {
					077AABD829B9C20D0078023F = {
						CreatedOnToolsVersion = 14.2;
					};
				};
			};
			buildConfigurationList = 077AABD429B9C20D0078023F /* Build configuration list for PBXProject "QuizDemoContinued" */;
			compatibilityVersion = "Xcode 14.0";
			developmentRegion = en;
			hasScannedForEncodings = 0;
			knownRegions = (
				en,
				Base,
			);
			mainGroup = 077AABD029B9C20D0078023F;
			productRefGroup = 077AABDA29B9C20D0078023F /* Products */;
			projectDirPath = "";
			projectRoot = "";
			targets = (
				077AABD829B9C20D0078023F /* QuizDemoContinued */,
			);
		};
/* End PBXProject section */

/* Begin PBXResourcesBuildPhase section */
		077AABD729B9C20D0078023F /* Resources */ = {
			isa = PBXResourcesBuildPhase;
			buildActionMask = 2147483647;
			files = (
				077AABE529B9C20F0078023F /* Preview Assets.xcassets in Resources */,
				077AABE129B9C20F0078023F /* Assets.xcassets in Resources */,
			);
			runOnlyForDeploymentPostprocessing = 0;
		};
/* End PBXResourcesBuildPhase section */

/* Begin PBXSourcesBuildPhase section */
		077AABD529B9C20D0078023F /* Sources */ = {
			isa = PBXSourcesBuildPhase;
			buildActionMask = 2147483647;
			files = (
				077AAC0029B9C2790078023F /* QuizDemoApp.swift in Sources */,
				077AABFB29B9C2660078023F /* NetworkService.swift in Sources */,
				077AABFD29B9C2660078023F /* QuizMenuView.swift in Sources */,
				077AABF929B9C2660078023F /* QuestionList.swift in Sources */,
				077AABFC29B9C2660078023F /* QuizController.swift in Sources */,
				077AABF729B9C2660078023F /* Question.swift in Sources */,
				077AABFE29B9C2660078023F /* QuizView.swift in Sources */,
				077AABF829B9C2660078023F /* CategoryList.swift in Sources */,
				077AABFA29B9C2660078023F /* Category.swift in Sources */,
			);
			runOnlyForDeploymentPostprocessing = 0;
		};
/* End PBXSourcesBuildPhase section */

/* Begin XCBuildConfiguration section */
		077AABE629B9C20F0078023F /* Debug */ = {
			isa = XCBuildConfiguration;
			buildSettings = {
				ALWAYS_SEARCH_USER_PATHS = NO;
				CLANG_ANALYZER_NONNULL = YES;
				CLANG_ANALYZER_NUMBER_OBJECT_CONVERSION = YES_AGGRESSIVE;
				CLANG_CXX_LANGUAGE_STANDARD = "gnu++20";
				CLANG_ENABLE_MODULES = YES;
				CLANG_ENABLE_OBJC_ARC = YES;
				CLANG_ENABLE_OBJC_WEAK = YES;
				CLANG_WARN_BLOCK_CAPTURE_AUTORELEASING = YES;
				CLANG_WARN_BOOL_CONVERSION = YES;
				CLANG_WARN_COMMA = YES;
				CLANG_WARN_CONSTANT_CONVERSION = YES;
				CLANG_WARN_DEPRECATED_OBJC_IMPLEMENTATIONS = YES;
				CLANG_WARN_DIRECT_OBJC_ISA_USAGE = YES_ERROR;
				CLANG_WARN_DOCUMENTATION_COMMENTS = YES;
				CLANG_WARN_EMPTY_BODY = YES;
				CLANG_WARN_ENUM_CONVERSION = YES;
				CLANG_WARN_INFINITE_RECURSION = YES;
				CLANG_WARN_INT_CONVERSION = YES;
				CLANG_WARN_NON_LITERAL_NULL_CONVERSION = YES;
				CLANG_WARN_OBJC_IMPLICIT_RETAIN_SELF = YES;
				CLANG_WARN_OBJC_LITERAL_CONVERSION = YES;
				CLANG_WARN_OBJC_ROOT_CLASS = YES_ERROR;
				CLANG_WARN_QUOTED_INCLUDE_IN_FRAMEWORK_HEADER = YES;
				CLANG_WARN_RANGE_LOOP_ANALYSIS = YES;
				CLANG_WARN_STRICT_PROTOTYPES = YES;
				CLANG_WARN_SUSPICIOUS_MOVE = YES;
				CLANG_WARN_UNGUARDED_AVAILABILITY = YES_AGGRESSIVE;
				CLANG_WARN_UNREACHABLE_CODE = YES;
				CLANG_WARN__DUPLICATE_METHOD_MATCH = YES;
				COPY_PHASE_STRIP = NO;
				DEBUG_INFORMATION_FORMAT = dwarf;
				ENABLE_STRICT_OBJC_MSGSEND = YES;
				ENABLE_TESTABILITY = YES;
				GCC_C_LANGUAGE_STANDARD = gnu11;
				GCC_DYNAMIC_NO_PIC = NO;
				GCC_NO_COMMON_BLOCKS = YES;
				GCC_OPTIMIZATION_LEVEL = 0;
				GCC_PREPROCESSOR_DEFINITIONS = (
					"DEBUG=1",
					"$(inherited)",
				);
				GCC_WARN_64_TO_32_BIT_CONVERSION = YES;
				GCC_WARN_ABOUT_RETURN_TYPE = YES_ERROR;
				GCC_WARN_UNDECLARED_SELECTOR = YES;
				GCC_WARN_UNINITIALIZED_AUTOS = YES_AGGRESSIVE;
				GCC_WARN_UNUSED_FUNCTION = YES;
				GCC_WARN_UNUSED_VARIABLE = YES;
				MTL_ENABLE_DEBUG_INFO = INCLUDE_SOURCE;
				MTL_FAST_MATH = YES;
				ONLY_ACTIVE_ARCH = YES;
				SWIFT_ACTIVE_COMPILATION_CONDITIONS = DEBUG;
				SWIFT_OPTIMIZATION_LEVEL = "-Onone";
			};
			name = Debug;
		};
		077AABE729B9C20F0078023F /* Release */ = {
			isa = XCBuildConfiguration;
			buildSettings = {
				ALWAYS_SEARCH_USER_PATHS = NO;
				CLANG_ANALYZER_NONNULL = YES;
				CLANG_ANALYZER_NUMBER_OBJECT_CONVERSION = YES_AGGRESSIVE;
				CLANG_CXX_LANGUAGE_STANDARD = "gnu++20";
				CLANG_ENABLE_MODULES = YES;
				CLANG_ENABLE_OBJC_ARC = YES;
				CLANG_ENABLE_OBJC_WEAK = YES;
				CLANG_WARN_BLOCK_CAPTURE_AUTORELEASING = YES;
				CLANG_WARN_BOOL_CONVERSION = YES;
				CLANG_WARN_COMMA = YES;
				CLANG_WARN_CONSTANT_CONVERSION = YES;
				CLANG_WARN_DEPRECATED_OBJC_IMPLEMENTATIONS = YES;
				CLANG_WARN_DIRECT_OBJC_ISA_USAGE = YES_ERROR;
				CLANG_WARN_DOCUMENTATION_COMMENTS = YES;
				CLANG_WARN_EMPTY_BODY = YES;
				CLANG_WARN_ENUM_CONVERSION = YES;
				CLANG_WARN_INFINITE_RECURSION = YES;
				CLANG_WARN_INT_CONVERSION = YES;
				CLANG_WARN_NON_LITERAL_NULL_CONVERSION = YES;
				CLANG_WARN_OBJC_IMPLICIT_RETAIN_SELF = YES;
				CLANG_WARN_OBJC_LITERAL_CONVERSION = YES;
				CLANG_WARN_OBJC_ROOT_CLASS = YES_ERROR;
				CLANG_WARN_QUOTED_INCLUDE_IN_FRAMEWORK_HEADER = YES;
				CLANG_WARN_RANGE_LOOP_ANALYSIS = YES;
				CLANG_WARN_STRICT_PROTOTYPES = YES;
				CLANG_WARN_SUSPICIOUS_MOVE = YES;
				CLANG_WARN_UNGUARDED_AVAILABILITY = YES_AGGRESSIVE;
				CLANG_WARN_UNREACHABLE_CODE = YES;
				CLANG_WARN__DUPLICATE_METHOD_MATCH = YES;
				COPY_PHASE_STRIP = NO;
				DEBUG_INFORMATION_FORMAT = "dwarf-with-dsym";
				ENABLE_NS_ASSERTIONS = NO;
				ENABLE_STRICT_OBJC_MSGSEND = YES;
				GCC_C_LANGUAGE_STANDARD = gnu11;
				GCC_NO_COMMON_BLOCKS = YES;
				GCC_WARN_64_TO_32_BIT_CONVERSION = YES;
				GCC_WARN_ABOUT_RETURN_TYPE = YES_ERROR;
				GCC_WARN_UNDECLARED_SELECTOR = YES;
				GCC_WARN_UNINITIALIZED_AUTOS = YES_AGGRESSIVE;
				GCC_WARN_UNUSED_FUNCTION = YES;
				GCC_WARN_UNUSED_VARIABLE = YES;
				MTL_ENABLE_DEBUG_INFO = NO;
				MTL_FAST_MATH = YES;
				SWIFT_COMPILATION_MODE = wholemodule;
				SWIFT_OPTIMIZATION_LEVEL = "-O";
			};
			name = Release;
		};
		077AABE929B9C20F0078023F /* Debug */ = {
			isa = XCBuildConfiguration;
			buildSettings = {
				ASSETCATALOG_COMPILER_APPICON_NAME = AppIcon;
				ASSETCATALOG_COMPILER_GLOBAL_ACCENT_COLOR_NAME = AccentColor;
				CODE_SIGN_ENTITLEMENTS = QuizDemoContinued/QuizDemoContinued.entitlements;
				CODE_SIGN_STYLE = Automatic;
				CURRENT_PROJECT_VERSION = 1;
				DEVELOPMENT_ASSET_PATHS = "\"QuizDemoContinued/Preview Content\"";
				ENABLE_PREVIEWS = YES;
				GENERATE_INFOPLIST_FILE = YES;
				"INFOPLIST_KEY_UIApplicationSceneManifest_Generation[sdk=iphoneos*]" = YES;
				"INFOPLIST_KEY_UIApplicationSceneManifest_Generation[sdk=iphonesimulator*]" = YES;
				"INFOPLIST_KEY_UIApplicationSupportsIndirectInputEvents[sdk=iphoneos*]" = YES;
				"INFOPLIST_KEY_UIApplicationSupportsIndirectInputEvents[sdk=iphonesimulator*]" = YES;
				"INFOPLIST_KEY_UILaunchScreen_Generation[sdk=iphoneos*]" = YES;
				"INFOPLIST_KEY_UILaunchScreen_Generation[sdk=iphonesimulator*]" = YES;
				"INFOPLIST_KEY_UIStatusBarStyle[sdk=iphoneos*]" = UIStatusBarStyleDefault;
				"INFOPLIST_KEY_UIStatusBarStyle[sdk=iphonesimulator*]" = UIStatusBarStyleDefault;
				INFOPLIST_KEY_UISupportedInterfaceOrientations_iPad = "UIInterfaceOrientationPortrait UIInterfaceOrientationPortraitUpsideDown UIInterfaceOrientationLandscapeLeft UIInterfaceOrientationLandscapeRight";
				INFOPLIST_KEY_UISupportedInterfaceOrientations_iPhone = "UIInterfaceOrientationPortrait UIInterfaceOrientationLandscapeLeft UIInterfaceOrientationLandscapeRight";
				IPHONEOS_DEPLOYMENT_TARGET = 16.2;
				LD_RUNPATH_SEARCH_PATHS = "@executable_path/Frameworks";
				"LD_RUNPATH_SEARCH_PATHS[sdk=macosx*]" = "@executable_path/../Frameworks";
				MACOSX_DEPLOYMENT_TARGET = 13.1;
				MARKETING_VERSION = 1.0;
				PRODUCT_BUNDLE_IDENTIFIER = dk.eaaa.dmu.max.QuizDemoContinued;
				PRODUCT_NAME = "$(TARGET_NAME)";
				SDKROOT = auto;
				SUPPORTED_PLATFORMS = "iphoneos iphonesimulator macosx";
				SWIFT_EMIT_LOC_STRINGS = YES;
				SWIFT_VERSION = 5.0;
				TARGETED_DEVICE_FAMILY = "1,2";
			};
			name = Debug;
		};
		077AABEA29B9C20F0078023F /* Release */ = {
			isa = XCBuildConfiguration;
			buildSettings = {
				ASSETCATALOG_COMPILER_APPICON_NAME = AppIcon;
				ASSETCATALOG_COMPILER_GLOBAL_ACCENT_COLOR_NAME = AccentColor;
				CODE_SIGN_ENTITLEMENTS = QuizDemoContinued/QuizDemoContinued.entitlements;
				CODE_SIGN_STYLE = Automatic;
				CURRENT_PROJECT_VERSION = 1;
				DEVELOPMENT_ASSET_PATHS = "\"QuizDemoContinued/Preview Content\"";
				ENABLE_PREVIEWS = YES;
				GENERATE_INFOPLIST_FILE = YES;
				"INFOPLIST_KEY_UIApplicationSceneManifest_Generation[sdk=iphoneos*]" = YES;
				"INFOPLIST_KEY_UIApplicationSceneManifest_Generation[sdk=iphonesimulator*]" = YES;
				"INFOPLIST_KEY_UIApplicationSupportsIndirectInputEvents[sdk=iphoneos*]" = YES;
				"INFOPLIST_KEY_UIApplicationSupportsIndirectInputEvents[sdk=iphonesimulator*]" = YES;
				"INFOPLIST_KEY_UILaunchScreen_Generation[sdk=iphoneos*]" = YES;
				"INFOPLIST_KEY_UILaunchScreen_Generation[sdk=iphonesimulator*]" = YES;
				"INFOPLIST_KEY_UIStatusBarStyle[sdk=iphoneos*]" = UIStatusBarStyleDefault;
				"INFOPLIST_KEY_UIStatusBarStyle[sdk=iphonesimulator*]" = UIStatusBarStyleDefault;
				INFOPLIST_KEY_UISupportedInterfaceOrientations_iPad = "UIInterfaceOrientationPortrait UIInterfaceOrientationPortraitUpsideDown UIInterfaceOrientationLandscapeLeft UIInterfaceOrientationLandscapeRight";
				INFOPLIST_KEY_UISupportedInterfaceOrientations_iPhone = "UIInterfaceOrientationPortrait UIInterfaceOrientationLandscapeLeft UIInterfaceOrientationLandscapeRight";
				IPHONEOS_DEPLOYMENT_TARGET = 16.2;
				LD_RUNPATH_SEARCH_PATHS = "@executable_path/Frameworks";
				"LD_RUNPATH_SEARCH_PATHS[sdk=macosx*]" = "@executable_path/../Frameworks";
				MACOSX_DEPLOYMENT_TARGET = 13.1;
				MARKETING_VERSION = 1.0;
				PRODUCT_BUNDLE_IDENTIFIER = dk.eaaa.dmu.max.QuizDemoContinued;
				PRODUCT_NAME = "$(TARGET_NAME)";
				SDKROOT = auto;
				SUPPORTED_PLATFORMS = "iphoneos iphonesimulator macosx";
				SWIFT_EMIT_LOC_STRINGS = YES;
				SWIFT_VERSION = 5.0;
				TARGETED_DEVICE_FAMILY = "1,2";
			};
			name = Release;
		};
/* End XCBuildConfiguration section */

/* Begin XCConfigurationList section */
		077AABD429B9C20D0078023F /* Build configuration list for PBXProject "QuizDemoContinued" */ = {
			isa = XCConfigurationList;
			buildConfigurations = (
				077AABE629B9C20F0078023F /* Debug */,
				077AABE729B9C20F0078023F /* Release */,
			);
			defaultConfigurationIsVisible = 0;
			defaultConfigurationName = Release;
		};
		077AABE829B9C20F0078023F /* Build configuration list for PBXNativeTarget "QuizDemoContinued" */ = {
			isa = XCConfigurationList;
			buildConfigurations = (
				077AABE929B9C20F0078023F /* Debug */,
				077AABEA29B9C20F0078023F /* Release */,
			);
			defaultConfigurationIsVisible = 0;
			defaultConfigurationName = Release;
		};
/* End XCConfigurationList section */
	};
	rootObject = 077AABD129B9C20D0078023F /* Project object */;
}
